// !$*UTF8*$!
{
	archiveVersion = 1;
	classes = {
	};
	objectVersion = 46;
	objects = {

/* Begin PBXBuildFile section */
		B067C23F1B82D51A00CF366B /* main.m in Sources */ = {isa = PBXBuildFile; fileRef = B067C23E1B82D51A00CF366B /* main.m */; };
		B067C2421B82D51A00CF366B /* AppDelegate.m in Sources */ = {isa = PBXBuildFile; fileRef = B067C2411B82D51A00CF366B /* AppDelegate.m */; };
		B067C2451B82D51A00CF366B /* IndexVC.m in Sources */ = {isa = PBXBuildFile; fileRef = B067C2441B82D51A00CF366B /* IndexVC.m */; };
		B067C2481B82D51A00CF366B /* Main.storyboard in Resources */ = {isa = PBXBuildFile; fileRef = B067C2461B82D51A00CF366B /* Main.storyboard */; };
		B067C24A1B82D51A00CF366B /* Images.xcassets in Resources */ = {isa = PBXBuildFile; fileRef = B067C2491B82D51A00CF366B /* Images.xcassets */; };
		B067C24D1B82D51A00CF366B /* LaunchScreen.xib in Resources */ = {isa = PBXBuildFile; fileRef = B067C24B1B82D51A00CF366B /* LaunchScreen.xib */; };
		B067C2591B82D51A00CF366B /* WooYunTests.m in Sources */ = {isa = PBXBuildFile; fileRef = B067C2581B82D51A00CF366B /* WooYunTests.m */; };
		B067C2641B82DA7100CF366B /* WebShow.m in Sources */ = {isa = PBXBuildFile; fileRef = B067C2631B82DA7100CF366B /* WebShow.m */; };
		B067C2691B833B3200CF366B /* b.jpg in Resources */ = {isa = PBXBuildFile; fileRef = B067C2681B833B3200CF366B /* b.jpg */; };
/* End PBXBuildFile section */

/* Begin PBXContainerItemProxy section */
		B067C2531B82D51A00CF366B /* PBXContainerItemProxy */ = {
			isa = PBXContainerItemProxy;
			containerPortal = B067C2311B82D51A00CF366B /* Project object */;
			proxyType = 1;
			remoteGlobalIDString = B067C2381B82D51A00CF366B;
			remoteInfo = WooYun;
		};
/* End PBXContainerItemProxy section */

/* Begin PBXFileReference section */
		B067C2391B82D51A00CF366B /* WooYun.app */ = {isa = PBXFileReference; explicitFileType = wrapper.application; includeInIndex = 0; path = WooYun.app; sourceTree = BUILT_PRODUCTS_DIR; };
		B067C23D1B82D51A00CF366B /* Info.plist */ = {isa = PBXFileReference; lastKnownFileType = text.plist.xml; path = Info.plist; sourceTree = "<group>"; };
		B067C23E1B82D51A00CF366B /* main.m */ = {isa = PBXFileReference; lastKnownFileType = sourcecode.c.objc; path = main.m; sourceTree = "<group>"; };
		B067C2401B82D51A00CF366B /* AppDelegate.h */ = {isa = PBXFileReference; lastKnownFileType = sourcecode.c.h; path = AppDelegate.h; sourceTree = "<group>"; };
		B067C2411B82D51A00CF366B /* AppDelegate.m */ = {isa = PBXFileReference; lastKnownFileType = sourcecode.c.objc; path = AppDelegate.m; sourceTree = "<group>"; };
		B067C2431B82D51A00CF366B /* IndexVC.h */ = {isa = PBXFileReference; lastKnownFileType = sourcecode.c.h; path = IndexVC.h; sourceTree = "<group>"; };
		B067C2441B82D51A00CF366B /* IndexVC.m */ = {isa = PBXFileReference; lastKnownFileType = sourcecode.c.objc; path = IndexVC.m; sourceTree = "<group>"; };
		B067C2471B82D51A00CF366B /* Base */ = {isa = PBXFileReference; lastKnownFileType = file.storyboard; name = Base; path = Base.lproj/Main.storyboard; sourceTree = "<group>"; };
		B067C2491B82D51A00CF366B /* Images.xcassets */ = {isa = PBXFileReference; lastKnownFileType = folder.assetcatalog; path = Images.xcassets; sourceTree = "<group>"; };
		B067C24C1B82D51A00CF366B /* Base */ = {isa = PBXFileReference; lastKnownFileType = file.xib; name = Base; path = Base.lproj/LaunchScreen.xib; sourceTree = "<group>"; };
		B067C2521B82D51A00CF366B /* WooYunTests.xctest */ = {isa = PBXFileReference; explicitFileType = wrapper.cfbundle; includeInIndex = 0; path = WooYunTests.xctest; sourceTree = BUILT_PRODUCTS_DIR; };
		B067C2571B82D51A00CF366B /* Info.plist */ = {isa = PBXFileReference; lastKnownFileType = text.plist.xml; path = Info.plist; sourceTree = "<group>"; };
		B067C2581B82D51A00CF366B /* WooYunTests.m */ = {isa = PBXFileReference; lastKnownFileType = sourcecode.c.objc; path = WooYunTests.m; sourceTree = "<group>"; };
		B067C2621B82DA7100CF366B /* WebShow.h */ = {isa = PBXFileReference; fileEncoding = 4; lastKnownFileType = sourcecode.c.h; path = WebShow.h; sourceTree = "<group>"; };
		B067C2631B82DA7100CF366B /* WebShow.m */ = {isa = PBXFileReference; fileEncoding = 4; lastKnownFileType = sourcecode.c.objc; path = WebShow.m; sourceTree = "<group>"; };
		B067C2681B833B3200CF366B /* b.jpg */ = {isa = PBXFileReference; lastKnownFileType = image.jpeg; path = b.jpg; sourceTree = "<group>"; };
/* End PBXFileReference section */

/* Begin PBXFrameworksBuildPhase section */
		B067C2361B82D51A00CF366B /* Frameworks */ = {
			isa = PBXFrameworksBuildPhase;
			buildActionMask = 2147483647;
			files = (
			);
			runOnlyForDeploymentPostprocessing = 0;
		};
		B067C24F1B82D51A00CF366B /* Frameworks */ = {
			isa = PBXFrameworksBuildPhase;
			buildActionMask = 2147483647;
			files = (
			);
			runOnlyForDeploymentPostprocessing = 0;
		};
/* End PBXFrameworksBuildPhase section */

/* Begin PBXGroup section */
		B067C2301B82D51A00CF366B = {
			isa = PBXGroup;
			children = (
				B067C23B1B82D51A00CF366B /* WooYun */,
				B067C2551B82D51A00CF366B /* WooYunTests */,
				B067C23A1B82D51A00CF366B /* Products */,
			);
			sourceTree = "<group>";
		};
		B067C23A1B82D51A00CF366B /* Products */ = {
			isa = PBXGroup;
			children = (
				B067C2391B82D51A00CF366B /* WooYun.app */,
				B067C2521B82D51A00CF366B /* WooYunTests.xctest */,
			);
			name = Products;
			sourceTree = "<group>";
		};
		B067C23B1B82D51A00CF366B /* WooYun */ = {
			isa = PBXGroup;
			children = (
				B067C2401B82D51A00CF366B /* AppDelegate.h */,
				B067C2411B82D51A00CF366B /* AppDelegate.m */,
				B067C2431B82D51A00CF366B /* IndexVC.h */,
				B067C2441B82D51A00CF366B /* IndexVC.m */,
				B067C2621B82DA7100CF366B /* WebShow.h */,
				B067C2631B82DA7100CF366B /* WebShow.m */,
				B067C2461B82D51A00CF366B /* Main.storyboard */,
				B067C2491B82D51A00CF366B /* Images.xcassets */,
				B067C24B1B82D51A00CF366B /* LaunchScreen.xib */,
				B067C23C1B82D51A00CF366B /* Supporting Files */,
			);
			path = WooYun;
			sourceTree = "<group>";
		};
		B067C23C1B82D51A00CF366B /* Supporting Files */ = {
			isa = PBXGroup;
			children = (
				B067C2681B833B3200CF366B /* b.jpg */,
				B067C23D1B82D51A00CF366B /* Info.plist */,
				B067C23E1B82D51A00CF366B /* main.m */,
			);
			name = "Supporting Files";
			sourceTree = "<group>";
		};
		B067C2551B82D51A00CF366B /* WooYunTests */ = {
			isa = PBXGroup;
			children = (
				B067C2581B82D51A00CF366B /* WooYunTests.m */,
				B067C2561B82D51A00CF366B /* Supporting Files */,
			);
			path = WooYunTests;
			sourceTree = "<group>";
		};
		B067C2561B82D51A00CF366B /* Supporting Files */ = {
			isa = PBXGroup;
			children = (
				B067C2571B82D51A00CF366B /* Info.plist */,
			);
			name = "Supporting Files";
			sourceTree = "<group>";
		};
/* End PBXGroup section */

/* Begin PBXNativeTarget section */
		B067C2381B82D51A00CF366B /* WooYun */ = {
			isa = PBXNativeTarget;
			buildConfigurationList = B067C25C1B82D51A00CF366B /* Build configuration list for PBXNativeTarget "WooYun" */;
			buildPhases = (
				B067C2351B82D51A00CF366B /* Sources */,
				B067C2361B82D51A00CF366B /* Frameworks */,
				B067C2371B82D51A00CF366B /* Resources */,
			);
			buildRules = (
			);
			dependencies = (
			);
			name = WooYun;
			productName = WooYun;
			productReference = B067C2391B82D51A00CF366B /* WooYun.app */;
			productType = "com.apple.product-type.application";
		};
		B067C2511B82D51A00CF366B /* WooYunTests */ = {
			isa = PBXNativeTarget;
			buildConfigurationList = B067C25F1B82D51A00CF366B /* Build configuration list for PBXNativeTarget "WooYunTests" */;
			buildPhases = (
				B067C24E1B82D51A00CF366B /* Sources */,
				B067C24F1B82D51A00CF366B /* Frameworks */,
				B067C2501B82D51A00CF366B /* Resources */,
			);
			buildRules = (
			);
			dependencies = (
				B067C2541B82D51A00CF366B /* PBXTargetDependency */,
			);
			name = WooYunTests;
			productName = WooYunTests;
			productReference = B067C2521B82D51A00CF366B /* WooYunTests.xctest */;
			productType = "com.apple.product-type.bundle.unit-test";
		};
/* End PBXNativeTarget section */

/* Begin PBXProject section */
		B067C2311B82D51A00CF366B /* Project object */ = {
			isa = PBXProject;
			attributes = {
				LastUpgradeCheck = 0630;
				ORGANIZATIONNAME = xikemac02;
				TargetAttributes = {
					B067C2381B82D51A00CF366B = {
						CreatedOnToolsVersion = 6.3.1;
					};
					B067C2511B82D51A00CF366B = {
						CreatedOnToolsVersion = 6.3.1;
						TestTargetID = B067C2381B82D51A00CF366B;
					};
				};
			};
			buildConfigurationList = B067C2341B82D51A00CF366B /* Build configuration list for PBXProject "WooYun" */;
			compatibilityVersion = "Xcode 3.2";
			developmentRegion = English;
			hasScannedForEncodings = 0;
			knownRegions = (
				en,
				Base,
			);
			mainGroup = B067C2301B82D51A00CF366B;
			productRefGroup = B067C23A1B82D51A00CF366B /* Products */;
			projectDirPath = "";
			projectRoot = "";
			targets = (
				B067C2381B82D51A00CF366B /* WooYun */,
				B067C2511B82D51A00CF366B /* WooYunTests */,
			);
		};
/* End PBXProject section */

/* Begin PBXResourcesBuildPhase section */
		B067C2371B82D51A00CF366B /* Resources */ = {
			isa = PBXResourcesBuildPhase;
			buildActionMask = 2147483647;
			files = (
				B067C2481B82D51A00CF366B /* Main.storyboard in Resources */,
				B067C24D1B82D51A00CF366B /* LaunchScreen.xib in Resources */,
				B067C2691B833B3200CF366B /* b.jpg in Resources */,
				B067C24A1B82D51A00CF366B /* Images.xcassets in Resources */,
			);
			runOnlyForDeploymentPostprocessing = 0;
		};
		B067C2501B82D51A00CF366B /* Resources */ = {
			isa = PBXResourcesBuildPhase;
			buildActionMask = 2147483647;
			files = (
			);
			runOnlyForDeploymentPostprocessing = 0;
		};
/* End PBXResourcesBuildPhase section */

/* Begin PBXSourcesBuildPhase section */
		B067C2351B82D51A00CF366B /* Sources */ = {
			isa = PBXSourcesBuildPhase;
			buildActionMask = 2147483647;
			files = (
				B067C2451B82D51A00CF366B /* IndexVC.m in Sources */,
				B067C2421B82D51A00CF366B /* AppDelegate.m in Sources */,
				B067C23F1B82D51A00CF366B /* main.m in Sources */,
				B067C2641B82DA7100CF366B /* WebShow.m in Sources */,
			);
			runOnlyForDeploymentPostprocessing = 0;
		};
		B067C24E1B82D51A00CF366B /* Sources */ = {
			isa = PBXSourcesBuildPhase;
			buildActionMask = 2147483647;
			files = (
				B067C2591B82D51A00CF366B /* WooYunTests.m in Sources */,
			);
			runOnlyForDeploymentPostprocessing = 0;
		};
/* End PBXSourcesBuildPhase section */

/* Begin PBXTargetDependency section */
		B067C2541B82D51A00CF366B /* PBXTargetDependency */ = {
			isa = PBXTargetDependency;
			target = B067C2381B82D51A00CF366B /* WooYun */;
			targetProxy = B067C2531B82D51A00CF366B /* PBXContainerItemProxy */;
		};
/* End PBXTargetDependency section */

/* Begin PBXVariantGroup section */
		B067C2461B82D51A00CF366B /* Main.storyboard */ = {
			isa = PBXVariantGroup;
			children = (
				B067C2471B82D51A00CF366B /* Base */,
			);
			name = Main.storyboard;
			sourceTree = "<group>";
		};
		B067C24B1B82D51A00CF366B /* LaunchScreen.xib */ = {
			isa = PBXVariantGroup;
			children = (
				B067C24C1B82D51A00CF366B /* Base */,
			);
			name = LaunchScreen.xib;
			sourceTree = "<group>";
		};
/* End PBXVariantGroup section */

/* Begin XCBuildConfiguration section */
		B067C25A1B82D51A00CF366B /* Debug */ = {
			isa = XCBuildConfiguration;
			buildSettings = {
				ALWAYS_SEARCH_USER_PATHS = NO;
				CLANG_CXX_LANGUAGE_STANDARD = "gnu++0x";
				CLANG_CXX_LIBRARY = "libc++";
				CLANG_ENABLE_MODULES = YES;
				CLANG_ENABLE_OBJC_ARC = YES;
				CLANG_WARN_BOOL_CONVERSION = YES;
				CLANG_WARN_CONSTANT_CONVERSION = YES;
				CLANG_WARN_DIRECT_OBJC_ISA_USAGE = YES_ERROR;
				CLANG_WARN_EMPTY_BODY = YES;
				CLANG_WARN_ENUM_CONVERSION = YES;
				CLANG_WARN_INT_CONVERSION = YES;
				CLANG_WARN_OBJC_ROOT_CLASS = YES_ERROR;
				CLANG_WARN_UNREACHABLE_CODE = YES;
				CLANG_WARN__DUPLICATE_METHOD_MATCH = YES;
				"CODE_SIGN_IDENTITY[sdk=iphoneos*]" = "iPhone Developer";
				COPY_PHASE_STRIP = NO;
				DEBUG_INFORMATION_FORMAT = "dwarf-with-dsym";
				ENABLE_STRICT_OBJC_MSGSEND = YES;
				GCC_C_LANGUAGE_STANDARD = gnu99;
				GCC_DYNAMIC_NO_PIC = NO;
				GCC_NO_COMMON_BLOCKS = YES;
				GCC_OPTIMIZATION_LEVEL = 0;
				GCC_PREPROCESSOR_DEFINITIONS = (
					"DEBUG=1",
					"$(inherited)",
				);
				GCC_SYMBOLS_PRIVATE_EXTERN = NO;
				GCC_WARN_64_TO_32_BIT_CONVERSION = YES;
				GCC_WARN_ABOUT_RETURN_TYPE = YES_ERROR;
				GCC_WARN_UNDECLARED_SELECTOR = YES;
				GCC_WARN_UNINITIALIZED_AUTOS = YES_AGGRESSIVE;
				GCC_WARN_UNUSED_FUNCTION = YES;
				GCC_WARN_UNUSED_VARIABLE = YES;
				IPHONEOS_DEPLOYMENT_TARGET = 8.3;
				MTL_ENABLE_DEBUG_INFO = YES;
				ONLY_ACTIVE_ARCH = YES;
				SDKROOT = iphoneos;
			};
			name = Debug;
		};
		B067C25B1B82D51A00CF366B /* Release */ = {
			isa = XCBuildConfiguration;
			buildSettings = {
				ALWAYS_SEARCH_USER_PATHS = NO;
				CLANG_CXX_LANGUAGE_STANDARD = "gnu++0x";
				CLANG_CXX_LIBRARY = "libc++";
				CLANG_ENABLE_MODULES = YES;
				CLANG_ENABLE_OBJC_ARC = YES;
				CLANG_WARN_BOOL_CONVERSION = YES;
				CLANG_WARN_CONSTANT_CONVERSION = YES;
				CLANG_WARN_DIRECT_OBJC_ISA_USAGE = YES_ERROR;
				CLANG_WARN_EMPTY_BODY = YES;
				CLANG_WARN_ENUM_CONVERSION = YES;
				CLANG_WARN_INT_CONVERSION = YES;
				CLANG_WARN_OBJC_ROOT_CLASS = YES_ERROR;
				CLANG_WARN_UNREACHABLE_CODE = YES;
				CLANG_WARN__DUPLICATE_METHOD_MATCH = YES;
				"CODE_SIGN_IDENTITY[sdk=iphoneos*]" = "iPhone Developer";
				COPY_PHASE_STRIP = NO;
				DEBUG_INFORMATION_FORMAT = "dwarf-with-dsym";
				ENABLE_NS_ASSERTIONS = NO;
				ENABLE_STRICT_OBJC_MSGSEND = YES;
				GCC_C_LANGUAGE_STANDARD = gnu99;
				GCC_NO_COMMON_BLOCKS = YES;
				GCC_WARN_64_TO_32_BIT_CONVERSION = YES;
				GCC_WARN_ABOUT_RETURN_TYPE = YES_ERROR;
				GCC_WARN_UNDECLARED_SELECTOR = YES;
				GCC_WARN_UNINITIALIZED_AUTOS = YES_AGGRESSIVE;
				GCC_WARN_UNUSED_FUNCTION = YES;
				GCC_WARN_UNUSED_VARIABLE = YES;
				IPHONEOS_DEPLOYMENT_TARGET = 8.3;
				MTL_ENABLE_DEBUG_INFO = NO;
				SDKROOT = iphoneos;
				VALIDATE_PRODUCT = YES;
			};
			name = Release;
		};
		B067C25D1B82D51A00CF366B /* Debug */ = {
			isa = XCBuildConfiguration;
			buildSettings = {
				ASSETCATALOG_COMPILER_APPICON_NAME = AppIcon;
				INFOPLIST_FILE = WooYun/Info.plist;
				LD_RUNPATH_SEARCH_PATHS = "$(inherited) @executable_path/Frameworks";
				PRODUCT_NAME = "$(TARGET_NAME)";
			};
			name = Debug;
		};
		B067C25E1B82D51A00CF366B /* Release */ = {
			isa = XCBuildConfiguration;
			buildSettings = {
				ASSETCATALOG_COMPILER_APPICON_NAME = AppIcon;
				INFOPLIST_FILE = WooYun/Info.plist;
				LD_RUNPATH_SEARCH_PATHS = "$(inherited) @executable_path/Frameworks";
				PRODUCT_NAME = "$(TARGET_NAME)";
			};
			name = Release;
		};
		B067C2601B82D51A00CF366B /* Debug */ = {
			isa = XCBuildConfiguration;
			buildSettings = {
				BUNDLE_LOADER = "$(TEST_HOST)";
				FRAMEWORK_SEARCH_PATHS = (
					"$(SDKROOT)/Developer/Library/Frameworks",
					"$(inherited)",
				);
				GCC_PREPROCESSOR_DEFINITIONS = (
					"DEBUG=1",
					"$(inherited)",
				);
				INFOPLIST_FILE = WooYunTests/Info.plist;
				LD_RUNPATH_SEARCH_PATHS = "$(inherited) @executable_path/Frameworks @loader_path/Frameworks";
				PRODUCT_NAME = "$(TARGET_NAME)";
				TEST_HOST = "$(BUILT_PRODUCTS_DIR)/WooYun.app/WooYun";
			};
			name = Debug;
		};
		B067C2611B82D51A00CF366B /* Release */ = {
			isa = XCBuildConfiguration;
			buildSettings = {
				BUNDLE_LOADER = "$(TEST_HOST)";
				FRAMEWORK_SEARCH_PATHS = (
					"$(SDKROOT)/Developer/Library/Frameworks",
					"$(inherited)",
				);
				INFOPLIST_FILE = WooYunTests/Info.plist;
				LD_RUNPATH_SEARCH_PATHS = "$(inherited) @executable_path/Frameworks @loader_path/Frameworks";
				PRODUCT_NAME = "$(TARGET_NAME)";
				TEST_HOST = "$(BUILT_PRODUCTS_DIR)/WooYun.app/WooYun";
			};
			name = Release;
		};
/* End XCBuildConfiguration section */

/* Begin XCConfigurationList section */
		B067C2341B82D51A00CF366B /* Build configuration list for PBXProject "WooYun" */ = {
			isa = XCConfigurationList;
			buildConfigurations = (
				B067C25A1B82D51A00CF366B /* Debug */,
				B067C25B1B82D51A00CF366B /* Release */,
			);
			defaultConfigurationIsVisible = 0;
			defaultConfigurationName = Release;
		};
		B067C25C1B82D51A00CF366B /* Build configuration list for PBXNativeTarget "WooYun" */ = {
			isa = XCConfigurationList;
			buildConfigurations = (
				B067C25D1B82D51A00CF366B /* Debug */,
				B067C25E1B82D51A00CF366B /* Release */,
			);
			defaultConfigurationIsVisible = 0;
			defaultConfigurationName = Release;
		};
		B067C25F1B82D51A00CF366B /* Build configuration list for PBXNativeTarget "WooYunTests" */ = {
			isa = XCConfigurationList;
			buildConfigurations = (
				B067C2601B82D51A00CF366B /* Debug */,
				B067C2611B82D51A00CF366B /* Release */,
			);
			defaultConfigurationIsVisible = 0;
			defaultConfigurationName = Release;
		};
/* End XCConfigurationList section */
	};
	rootObject = B067C2311B82D51A00CF366B /* Project object */;
}
